
Microsoft Visual Studio Solution File, Format Version 12.00
# Visual Studio Version 17
VisualStudioVersion = 17.13.35825.156 d17.13
MinimumVisualStudioVersion = 10.0.40219.1
Project("{FAE04EC0-301F-11D3-BF4B-00C04F79EFBC}") = "CoinGame", "CoinGame.csproj", "{1DB45BFD-2BDC-41EB-82CA-84B1251051D6}"
EndProject
Global
	GlobalSection(SolutionConfigurationPlatforms) = preSolution
		Debug|Any CPU = Debug|Any CPU
		Release|Any CPU = Release|Any CPU
	EndGlobalSection
	GlobalSection(ProjectConfigurationPlatforms) = postSolution
		{1DB45BFD-2BDC-41EB-82CA-84B1251051D6}.Debug|Any CPU.ActiveCfg = Debug|Any CPU
		{1DB45BFD-2BDC-41EB-82CA-84B1251051D6}.Debug|Any CPU.Build.0 = Debug|Any CPU
		{1DB45BFD-2BDC-41EB-82CA-84B1251051D6}.Release|Any CPU.ActiveCfg = Release|Any CPU
		{1DB45BFD-2BDC-41EB-82CA-84B1251051D6}.Release|Any CPU.Build.0 = Release|Any CPU
	EndGlobalSection
	GlobalSection(SolutionProperties) = preSolution
		HideSolutionNode = FALSE
	EndGlobalSection
	GlobalSection(ExtensibilityGlobals) = postSolution
		SolutionGuid = {7D10DDD6-4F8A-4870-BDC0-FB06FC7C0D21}
	EndGlobalSection
EndGlobal
